{
  "nodes": {
    "nixpkgs": {
      "locked": {
        "lastModified": 1777483759,
        "narHash": "sha256-luE+pNcTx3gz109lEC/xUxPHrx1aEZsp5X4OEBcnGaw=",
        "owner": "NixOS",
        "repo": "nixpkgs",
        "rev": "b540331d6f1e343b6812b5aa1d97c707a0de0da2",
        "type": "github"
      },
      "original": {
        "owner": "NixOS",
        "ref": "master",
        "repo": "nixpkgs",
        "type": "github"
      }
    },
    "root": {
      "inputs": {
        "nixpkgs": "nixpkgs"
      }
    }
  },
  "root": "root",
  "version": 7
}
