{
  "nodes": {
    "espanso-fix": {
      "locked": {
        "lastModified": 1736868948,
        "narHash": "sha256-MD+uHLrcvG6MaUVsZF6gbz232/6NYSizGP5VUHVJKCs=",
        "owner": "pitkling",
        "repo": "nixpkgs",
        "rev": "c006215b2c8ac66586a8de974292289a8372abc4",
        "type": "github"
      },
      "original": {
        "owner": "pitkling",
        "ref": "espanso-fix-capabilities-export",
        "repo": "nixpkgs",
        "type": "github"
      }
    },
    "nixpkgs": {
      "locked": {
        "lastModified": 1765779637,
        "narHash": "sha256-KJ2wa/BLSrTqDjbfyNx70ov/HdgNBCBBSQP3BIzKnv4=",
        "owner": "NixOS",
        "repo": "nixpkgs",
        "rev": "1306659b587dc277866c7b69eb97e5f07864d8c4",
        "type": "github"
      },
      "original": {
        "owner": "NixOS",
        "ref": "nixos-unstable",
        "repo": "nixpkgs",
        "type": "github"
      }
    },
    "root": {
      "inputs": {
        "espanso-fix": "espanso-fix",
        "nixpkgs": "nixpkgs"
      }
    }
  },
  "root": "root",
  "version": 7
}
