{
  "nodes": {
    "nixpkgs": {
      "locked": {
        "lastModified": 1778152315,
        "narHash": "sha256-CWVLv9Tn+eg/ndICr6oSGY3VFrX63Lnf/H/L/5jnIes=",
        "owner": "NixOS",
        "repo": "nixpkgs",
        "rev": "e3dc5d90364c10d508b52717a7e9b03a4453004b",
        "type": "github"
      },
      "original": {
        "owner": "NixOS",
        "ref": "master",
        "repo": "nixpkgs",
        "type": "github"
      }
    },
    "root": {
      "inputs": {
        "nixpkgs": "nixpkgs"
      }
    }
  },
  "root": "root",
  "version": 7
}
